
Microsoft Visual Studio Solution File, Format Version 12.00
# Visual Studio 2012
Project("{FAE04EC0-301F-11D3-BF4B-00C04F79EFBC}") = "Radial", "Radial\Radial.csproj", "{E9EC1CB9-79B6-47BC-AF82-E8B7B7AFFCEA}"
EndProject
Project("{FAE04EC0-301F-11D3-BF4B-00C04F79EFBC}") = "Radial.Persist.Lite", "Radial.Persist.Lite\Radial.Persist.Lite.csproj", "{9C681E77-EE18-4273-90D0-F8A0C302D0EB}"
EndProject
Project("{FAE04EC0-301F-11D3-BF4B-00C04F79EFBC}") = "Radial.Tools.Hosts", "Radial.Tools.Hosts\Radial.Tools.Hosts.csproj", "{A3C53606-FDEA-47CC-A5A8-986F5711024C}"
EndProject
Project("{2150E333-8FDC-42A3-9474-1A3956D46DE8}") = "Tools", "Tools", "{2FA84FC1-FB00-4E47-A422-91FA5CDA7733}"
EndProject
Project("{FAE04EC0-301F-11D3-BF4B-00C04F79EFBC}") = "Radial.Persist.Nhs", "Radial.Persist.Nhs\Radial.Persist.Nhs.csproj", "{719DEE63-AEEB-4DBE-BD84-F005E3D3A39F}"
EndProject
Project("{2150E333-8FDC-42A3-9474-1A3956D46DE8}") = "Test", "Test", "{3AFB6471-9556-4901-9777-3911BE99F7FD}"
EndProject
Project("{FAE04EC0-301F-11D3-BF4B-00C04F79EFBC}") = "Radial.UnitTest", "Radial.UnitTest\Radial.UnitTest.csproj", "{488FAE42-3405-4563-958B-A15C2D80660B}"
EndProject
Project("{FAE04EC0-301F-11D3-BF4B-00C04F79EFBC}") = "Radial.Test.WebForm", "Radial.Test.WebForm\Radial.Test.WebForm.csproj", "{4A4FCCD1-570A-457D-B49E-7AA8E6F58383}"
EndProject
Project("{FAE04EC0-301F-11D3-BF4B-00C04F79EFBC}") = "Radial.Tools.Hbm2Sql", "Radial.Tools.Hbm2Sql\Radial.Tools.Hbm2Sql.csproj", "{2EEBB019-3C20-4535-A301-2E722623102D}"
EndProject
Project("{FAE04EC0-301F-11D3-BF4B-00C04F79EFBC}") = "Radial.Tools.NhDbFirst", "Radial.Tools.NhDbFirst\Radial.Tools.NhDbFirst.csproj", "{E7DD1C8C-28FA-4290-826B-792951250738}"
EndProject
Project("{FAE04EC0-301F-11D3-BF4B-00C04F79EFBC}") = "Radial.Web.Mvc4", "Radial.Web.Mvc4\Radial.Web.Mvc4.csproj", "{E8C8DDF8-642E-4ED2-8903-5AB537972011}"
EndProject
Project("{FAE04EC0-301F-11D3-BF4B-00C04F79EFBC}") = "Radial.Test.Mvc4", "Radial.Test.Mvc4\Radial.Test.Mvc4.csproj", "{2004E387-58C5-4907-BD2C-9C17E73A58BD}"
EndProject
Project("{FAE04EC0-301F-11D3-BF4B-00C04F79EFBC}") = "Radial.Log4Net.MongoDB", "Radial.Log4Net.MongoDB\Radial.Log4Net.MongoDB.csproj", "{B5F59E68-80D6-4D78-9CE7-DE348864E884}"
EndProject
Global
	GlobalSection(SolutionConfigurationPlatforms) = preSolution
		Debug|Any CPU = Debug|Any CPU
		Debug|Mixed Platforms = Debug|Mixed Platforms
		Debug|x86 = Debug|x86
		Release|Any CPU = Release|Any CPU
		Release|Mixed Platforms = Release|Mixed Platforms
		Release|x86 = Release|x86
	EndGlobalSection
	GlobalSection(ProjectConfigurationPlatforms) = postSolution
		{E9EC1CB9-79B6-47BC-AF82-E8B7B7AFFCEA}.Debug|Any CPU.ActiveCfg = Debug|Any CPU
		{E9EC1CB9-79B6-47BC-AF82-E8B7B7AFFCEA}.Debug|Any CPU.Build.0 = Debug|Any CPU
		{E9EC1CB9-79B6-47BC-AF82-E8B7B7AFFCEA}.Debug|Mixed Platforms.ActiveCfg = Debug|Any CPU
		{E9EC1CB9-79B6-47BC-AF82-E8B7B7AFFCEA}.Debug|Mixed Platforms.Build.0 = Debug|Any CPU
		{E9EC1CB9-79B6-47BC-AF82-E8B7B7AFFCEA}.Debug|x86.ActiveCfg = Debug|Any CPU
		{E9EC1CB9-79B6-47BC-AF82-E8B7B7AFFCEA}.Release|Any CPU.ActiveCfg = Release|Any CPU
		{E9EC1CB9-79B6-47BC-AF82-E8B7B7AFFCEA}.Release|Any CPU.Build.0 = Release|Any CPU
		{E9EC1CB9-79B6-47BC-AF82-E8B7B7AFFCEA}.Release|Mixed Platforms.ActiveCfg = Release|Any CPU
		{E9EC1CB9-79B6-47BC-AF82-E8B7B7AFFCEA}.Release|Mixed Platforms.Build.0 = Release|Any CPU
		{E9EC1CB9-79B6-47BC-AF82-E8B7B7AFFCEA}.Release|x86.ActiveCfg = Release|Any CPU
		{9C681E77-EE18-4273-90D0-F8A0C302D0EB}.Debug|Any CPU.ActiveCfg = Debug|Any CPU
		{9C681E77-EE18-4273-90D0-F8A0C302D0EB}.Debug|Any CPU.Build.0 = Debug|Any CPU
		{9C681E77-EE18-4273-90D0-F8A0C302D0EB}.Debug|Mixed Platforms.ActiveCfg = Debug|Any CPU
		{9C681E77-EE18-4273-90D0-F8A0C302D0EB}.Debug|Mixed Platforms.Build.0 = Debug|Any CPU
		{9C681E77-EE18-4273-90D0-F8A0C302D0EB}.Debug|x86.ActiveCfg = Debug|Any CPU
		{9C681E77-EE18-4273-90D0-F8A0C302D0EB}.Release|Any CPU.ActiveCfg = Release|Any CPU
		{9C681E77-EE18-4273-90D0-F8A0C302D0EB}.Release|Any CPU.Build.0 = Release|Any CPU
		{9C681E77-EE18-4273-90D0-F8A0C302D0EB}.Release|Mixed Platforms.ActiveCfg = Release|Any CPU
		{9C681E77-EE18-4273-90D0-F8A0C302D0EB}.Release|Mixed Platforms.Build.0 = Release|Any CPU
		{9C681E77-EE18-4273-90D0-F8A0C302D0EB}.Release|x86.ActiveCfg = Release|Any CPU
		{A3C53606-FDEA-47CC-A5A8-986F5711024C}.Debug|Any CPU.ActiveCfg = Debug|x86
		{A3C53606-FDEA-47CC-A5A8-986F5711024C}.Debug|Mixed Platforms.ActiveCfg = Debug|x86
		{A3C53606-FDEA-47CC-A5A8-986F5711024C}.Debug|Mixed Platforms.Build.0 = Debug|x86
		{A3C53606-FDEA-47CC-A5A8-986F5711024C}.Debug|x86.ActiveCfg = Debug|x86
		{A3C53606-FDEA-47CC-A5A8-986F5711024C}.Debug|x86.Build.0 = Debug|x86
		{A3C53606-FDEA-47CC-A5A8-986F5711024C}.Release|Any CPU.ActiveCfg = Release|x86
		{A3C53606-FDEA-47CC-A5A8-986F5711024C}.Release|Mixed Platforms.ActiveCfg = Release|x86
		{A3C53606-FDEA-47CC-A5A8-986F5711024C}.Release|Mixed Platforms.Build.0 = Release|x86
		{A3C53606-FDEA-47CC-A5A8-986F5711024C}.Release|x86.ActiveCfg = Release|x86
		{A3C53606-FDEA-47CC-A5A8-986F5711024C}.Release|x86.Build.0 = Release|x86
		{719DEE63-AEEB-4DBE-BD84-F005E3D3A39F}.Debug|Any CPU.ActiveCfg = Debug|Any CPU
		{719DEE63-AEEB-4DBE-BD84-F005E3D3A39F}.Debug|Any CPU.Build.0 = Debug|Any CPU
		{719DEE63-AEEB-4DBE-BD84-F005E3D3A39F}.Debug|Mixed Platforms.ActiveCfg = Debug|Any CPU
		{719DEE63-AEEB-4DBE-BD84-F005E3D3A39F}.Debug|Mixed Platforms.Build.0 = Debug|Any CPU
		{719DEE63-AEEB-4DBE-BD84-F005E3D3A39F}.Debug|x86.ActiveCfg = Debug|Any CPU
		{719DEE63-AEEB-4DBE-BD84-F005E3D3A39F}.Release|Any CPU.ActiveCfg = Release|Any CPU
		{719DEE63-AEEB-4DBE-BD84-F005E3D3A39F}.Release|Any CPU.Build.0 = Release|Any CPU
		{719DEE63-AEEB-4DBE-BD84-F005E3D3A39F}.Release|Mixed Platforms.ActiveCfg = Release|Any CPU
		{719DEE63-AEEB-4DBE-BD84-F005E3D3A39F}.Release|Mixed Platforms.Build.0 = Release|Any CPU
		{719DEE63-AEEB-4DBE-BD84-F005E3D3A39F}.Release|x86.ActiveCfg = Release|Any CPU
		{488FAE42-3405-4563-958B-A15C2D80660B}.Debug|Any CPU.ActiveCfg = Debug|Any CPU
		{488FAE42-3405-4563-958B-A15C2D80660B}.Debug|Any CPU.Build.0 = Debug|Any CPU
		{488FAE42-3405-4563-958B-A15C2D80660B}.Debug|Mixed Platforms.ActiveCfg = Debug|Any CPU
		{488FAE42-3405-4563-958B-A15C2D80660B}.Debug|Mixed Platforms.Build.0 = Debug|Any CPU
		{488FAE42-3405-4563-958B-A15C2D80660B}.Debug|x86.ActiveCfg = Debug|Any CPU
		{488FAE42-3405-4563-958B-A15C2D80660B}.Release|Any CPU.ActiveCfg = Release|Any CPU
		{488FAE42-3405-4563-958B-A15C2D80660B}.Release|Any CPU.Build.0 = Release|Any CPU
		{488FAE42-3405-4563-958B-A15C2D80660B}.Release|Mixed Platforms.ActiveCfg = Release|Any CPU
		{488FAE42-3405-4563-958B-A15C2D80660B}.Release|Mixed Platforms.Build.0 = Release|Any CPU
		{488FAE42-3405-4563-958B-A15C2D80660B}.Release|x86.ActiveCfg = Release|Any CPU
		{4A4FCCD1-570A-457D-B49E-7AA8E6F58383}.Debug|Any CPU.ActiveCfg = Debug|Any CPU
		{4A4FCCD1-570A-457D-B49E-7AA8E6F58383}.Debug|Any CPU.Build.0 = Debug|Any CPU
		{4A4FCCD1-570A-457D-B49E-7AA8E6F58383}.Debug|Mixed Platforms.ActiveCfg = Debug|Any CPU
		{4A4FCCD1-570A-457D-B49E-7AA8E6F58383}.Debug|Mixed Platforms.Build.0 = Debug|Any CPU
		{4A4FCCD1-570A-457D-B49E-7AA8E6F58383}.Debug|x86.ActiveCfg = Debug|Any CPU
		{4A4FCCD1-570A-457D-B49E-7AA8E6F58383}.Release|Any CPU.ActiveCfg = Release|Any CPU
		{4A4FCCD1-570A-457D-B49E-7AA8E6F58383}.Release|Any CPU.Build.0 = Release|Any CPU
		{4A4FCCD1-570A-457D-B49E-7AA8E6F58383}.Release|Mixed Platforms.ActiveCfg = Release|Any CPU
		{4A4FCCD1-570A-457D-B49E-7AA8E6F58383}.Release|Mixed Platforms.Build.0 = Release|Any CPU
		{4A4FCCD1-570A-457D-B49E-7AA8E6F58383}.Release|x86.ActiveCfg = Release|Any CPU
		{2EEBB019-3C20-4535-A301-2E722623102D}.Debug|Any CPU.ActiveCfg = Debug|Any CPU
		{2EEBB019-3C20-4535-A301-2E722623102D}.Debug|Any CPU.Build.0 = Debug|Any CPU
		{2EEBB019-3C20-4535-A301-2E722623102D}.Debug|Mixed Platforms.ActiveCfg = Debug|Any CPU
		{2EEBB019-3C20-4535-A301-2E722623102D}.Debug|Mixed Platforms.Build.0 = Debug|Any CPU
		{2EEBB019-3C20-4535-A301-2E722623102D}.Debug|x86.ActiveCfg = Debug|Any CPU
		{2EEBB019-3C20-4535-A301-2E722623102D}.Release|Any CPU.ActiveCfg = Release|Any CPU
		{2EEBB019-3C20-4535-A301-2E722623102D}.Release|Any CPU.Build.0 = Release|Any CPU
		{2EEBB019-3C20-4535-A301-2E722623102D}.Release|Mixed Platforms.ActiveCfg = Release|Any CPU
		{2EEBB019-3C20-4535-A301-2E722623102D}.Release|Mixed Platforms.Build.0 = Release|Any CPU
		{2EEBB019-3C20-4535-A301-2E722623102D}.Release|x86.ActiveCfg = Release|Any CPU
		{E7DD1C8C-28FA-4290-826B-792951250738}.Debug|Any CPU.ActiveCfg = Debug|Any CPU
		{E7DD1C8C-28FA-4290-826B-792951250738}.Debug|Any CPU.Build.0 = Debug|Any CPU
		{E7DD1C8C-28FA-4290-826B-792951250738}.Debug|Mixed Platforms.ActiveCfg = Debug|Any CPU
		{E7DD1C8C-28FA-4290-826B-792951250738}.Debug|Mixed Platforms.Build.0 = Debug|Any CPU
		{E7DD1C8C-28FA-4290-826B-792951250738}.Debug|x86.ActiveCfg = Debug|Any CPU
		{E7DD1C8C-28FA-4290-826B-792951250738}.Release|Any CPU.ActiveCfg = Release|Any CPU
		{E7DD1C8C-28FA-4290-826B-792951250738}.Release|Any CPU.Build.0 = Release|Any CPU
		{E7DD1C8C-28FA-4290-826B-792951250738}.Release|Mixed Platforms.ActiveCfg = Release|Any CPU
		{E7DD1C8C-28FA-4290-826B-792951250738}.Release|Mixed Platforms.Build.0 = Release|Any CPU
		{E7DD1C8C-28FA-4290-826B-792951250738}.Release|x86.ActiveCfg = Release|Any CPU
		{E8C8DDF8-642E-4ED2-8903-5AB537972011}.Debug|Any CPU.ActiveCfg = Debug|Any CPU
		{E8C8DDF8-642E-4ED2-8903-5AB537972011}.Debug|Any CPU.Build.0 = Debug|Any CPU
		{E8C8DDF8-642E-4ED2-8903-5AB537972011}.Debug|Mixed Platforms.ActiveCfg = Debug|Any CPU
		{E8C8DDF8-642E-4ED2-8903-5AB537972011}.Debug|Mixed Platforms.Build.0 = Debug|Any CPU
		{E8C8DDF8-642E-4ED2-8903-5AB537972011}.Debug|x86.ActiveCfg = Debug|Any CPU
		{E8C8DDF8-642E-4ED2-8903-5AB537972011}.Release|Any CPU.ActiveCfg = Release|Any CPU
		{E8C8DDF8-642E-4ED2-8903-5AB537972011}.Release|Any CPU.Build.0 = Release|Any CPU
		{E8C8DDF8-642E-4ED2-8903-5AB537972011}.Release|Mixed Platforms.ActiveCfg = Release|Any CPU
		{E8C8DDF8-642E-4ED2-8903-5AB537972011}.Release|Mixed Platforms.Build.0 = Release|Any CPU
		{E8C8DDF8-642E-4ED2-8903-5AB537972011}.Release|x86.ActiveCfg = Release|Any CPU
		{2004E387-58C5-4907-BD2C-9C17E73A58BD}.Debug|Any CPU.ActiveCfg = Debug|Any CPU
		{2004E387-58C5-4907-BD2C-9C17E73A58BD}.Debug|Any CPU.Build.0 = Debug|Any CPU
		{2004E387-58C5-4907-BD2C-9C17E73A58BD}.Debug|Mixed Platforms.ActiveCfg = Debug|Any CPU
		{2004E387-58C5-4907-BD2C-9C17E73A58BD}.Debug|Mixed Platforms.Build.0 = Debug|Any CPU
		{2004E387-58C5-4907-BD2C-9C17E73A58BD}.Debug|x86.ActiveCfg = Debug|Any CPU
		{2004E387-58C5-4907-BD2C-9C17E73A58BD}.Release|Any CPU.ActiveCfg = Release|Any CPU
		{2004E387-58C5-4907-BD2C-9C17E73A58BD}.Release|Any CPU.Build.0 = Release|Any CPU
		{2004E387-58C5-4907-BD2C-9C17E73A58BD}.Release|Mixed Platforms.ActiveCfg = Release|Any CPU
		{2004E387-58C5-4907-BD2C-9C17E73A58BD}.Release|Mixed Platforms.Build.0 = Release|Any CPU
		{2004E387-58C5-4907-BD2C-9C17E73A58BD}.Release|x86.ActiveCfg = Release|Any CPU
		{B5F59E68-80D6-4D78-9CE7-DE348864E884}.Debug|Any CPU.ActiveCfg = Debug|Any CPU
		{B5F59E68-80D6-4D78-9CE7-DE348864E884}.Debug|Any CPU.Build.0 = Debug|Any CPU
		{B5F59E68-80D6-4D78-9CE7-DE348864E884}.Debug|Mixed Platforms.ActiveCfg = Debug|Any CPU
		{B5F59E68-80D6-4D78-9CE7-DE348864E884}.Debug|Mixed Platforms.Build.0 = Debug|Any CPU
		{B5F59E68-80D6-4D78-9CE7-DE348864E884}.Debug|x86.ActiveCfg = Debug|Any CPU
		{B5F59E68-80D6-4D78-9CE7-DE348864E884}.Release|Any CPU.ActiveCfg = Release|Any CPU
		{B5F59E68-80D6-4D78-9CE7-DE348864E884}.Release|Any CPU.Build.0 = Release|Any CPU
		{B5F59E68-80D6-4D78-9CE7-DE348864E884}.Release|Mixed Platforms.ActiveCfg = Release|Any CPU
		{B5F59E68-80D6-4D78-9CE7-DE348864E884}.Release|Mixed Platforms.Build.0 = Release|Any CPU
		{B5F59E68-80D6-4D78-9CE7-DE348864E884}.Release|x86.ActiveCfg = Release|Any CPU
	EndGlobalSection
	GlobalSection(SolutionProperties) = preSolution
		HideSolutionNode = FALSE
	EndGlobalSection
	GlobalSection(NestedProjects) = preSolution
		{A3C53606-FDEA-47CC-A5A8-986F5711024C} = {2FA84FC1-FB00-4E47-A422-91FA5CDA7733}
		{2EEBB019-3C20-4535-A301-2E722623102D} = {2FA84FC1-FB00-4E47-A422-91FA5CDA7733}
		{E7DD1C8C-28FA-4290-826B-792951250738} = {2FA84FC1-FB00-4E47-A422-91FA5CDA7733}
		{B5F59E68-80D6-4D78-9CE7-DE348864E884} = {2FA84FC1-FB00-4E47-A422-91FA5CDA7733}
		{488FAE42-3405-4563-958B-A15C2D80660B} = {3AFB6471-9556-4901-9777-3911BE99F7FD}
		{4A4FCCD1-570A-457D-B49E-7AA8E6F58383} = {3AFB6471-9556-4901-9777-3911BE99F7FD}
		{2004E387-58C5-4907-BD2C-9C17E73A58BD} = {3AFB6471-9556-4901-9777-3911BE99F7FD}
	EndGlobalSection
	GlobalSection(ExtensibilityGlobals) = postSolution
		EnterpriseLibraryConfigurationToolBinariesPath = packages\Unity.2.1.505.2\lib\NET35
	EndGlobalSection
EndGlobal
